
Microsoft Visual Studio Solution File, Format Version 12.00
# Visual Studio Version 16
VisualStudioVersion = 16.0.31313.79
MinimumVisualStudioVersion = 10.0.40219.1
Project("{9A19103F-16F7-4668-BE54-9A1E7A4F7556}") = "SharpCV", "..\SharpCV\src\SharpCV\SharpCV.csproj", "{2200CD05-BA6C-4010-B096-DF3003631AE8}"
EndProject
Project("{9A19103F-16F7-4668-BE54-9A1E7A4F7556}") = "Tensorflow.Binding", "..\TensorFlow.NET\src\TensorFlowNET.Core\Tensorflow.Binding.csproj", "{62C26E8F-3E38-4D4C-8565-B7BA62EEC171}"
EndProject
Global
	GlobalSection(SolutionConfigurationPlatforms) = preSolution
		Debug|Any CPU = Debug|Any CPU
		Debug|x64 = Debug|x64
		Release|Any CPU = Release|Any CPU
		Release|x64 = Release|x64
	EndGlobalSection
	GlobalSection(ProjectConfigurationPlatforms) = postSolution
		{2200CD05-BA6C-4010-B096-DF3003631AE8}.Debug|Any CPU.ActiveCfg = Debug|Any CPU
		{2200CD05-BA6C-4010-B096-DF3003631AE8}.Debug|Any CPU.Build.0 = Debug|Any CPU
		{2200CD05-BA6C-4010-B096-DF3003631AE8}.Debug|x64.ActiveCfg = Debug|x64
		{2200CD05-BA6C-4010-B096-DF3003631AE8}.Debug|x64.Build.0 = Debug|x64
		{2200CD05-BA6C-4010-B096-DF3003631AE8}.Release|Any CPU.ActiveCfg = Release|Any CPU
		{2200CD05-BA6C-4010-B096-DF3003631AE8}.Release|Any CPU.Build.0 = Release|Any CPU
		{2200CD05-BA6C-4010-B096-DF3003631AE8}.Release|x64.ActiveCfg = Release|x64
		{2200CD05-BA6C-4010-B096-DF3003631AE8}.Release|x64.Build.0 = Release|x64
		{62C26E8F-3E38-4D4C-8565-B7BA62EEC171}.Debug|Any CPU.ActiveCfg = Debug|Any CPU
		{62C26E8F-3E38-4D4C-8565-B7BA62EEC171}.Debug|Any CPU.Build.0 = Debug|Any CPU
		{62C26E8F-3E38-4D4C-8565-B7BA62EEC171}.Debug|x64.ActiveCfg = Debug|x64
		{62C26E8F-3E38-4D4C-8565-B7BA62EEC171}.Debug|x64.Build.0 = Debug|x64
		{62C26E8F-3E38-4D4C-8565-B7BA62EEC171}.Release|Any CPU.ActiveCfg = Release|Any CPU
		{62C26E8F-3E38-4D4C-8565-B7BA62EEC171}.Release|Any CPU.Build.0 = Release|Any CPU
		{62C26E8F-3E38-4D4C-8565-B7BA62EEC171}.Release|x64.ActiveCfg = Release|x64
		{62C26E8F-3E38-4D4C-8565-B7BA62EEC171}.Release|x64.Build.0 = Release|x64
	EndGlobalSection
	GlobalSection(SolutionProperties) = preSolution
		HideSolutionNode = FALSE
	EndGlobalSection
	GlobalSection(ExtensibilityGlobals) = postSolution
		SolutionGuid = {8BA91E86-72FD-4578-BF40-9E608E71F9FC}
	EndGlobalSection
EndGlobal
